{
  "requires": true,
  "lockfileVersion": 1,
  "dependencies": {
    "less": {
      "version": "3.12.2",
      "resolved": "https://registry.npm.taobao.org/less/download/less-3.12.2.tgz?cache=0&sync_timestamp=1594913915904&other_urls=https%3A%2F%2Fregistry.npm.taobao.org%2Fless%2Fdownload%2Fless-3.12.2.tgz",
      "requires": {
        "errno": "^0.1.1",
        "graceful-fs": "^4.1.2",
        "image-size": "~0.5.0",
        "make-dir": "^2.1.0",
        "mime": "^1.4.1",
        "native-request": "^1.0.5",
        "source-map": "~0.6.0",
        "tslib": "^1.10.0"
      },
      "dependencies": {
        "errno": {
          "version": "0.1.7",
          "resolved": "https://registry.npm.taobao.org/errno/download/errno-0.1.7.tgz",
          "optional": true,
          "requires": {
            "prr": "~1.0.1"
          },
          "dependencies": {
            "prr": {
              "version": "1.0.1",
              "resolved": "https://registry.npm.taobao.org/prr/download/prr-1.0.1.tgz",
              "optional": true
            }
          }
        },
        "graceful-fs": {
          "version": "4.2.4",
          "resolved": "https://registry.npm.taobao.org/graceful-fs/download/graceful-fs-4.2.4.tgz?cache=0&other_urls=https%3A%2F%2Fregistry.npm.taobao.org%2Fgraceful-fs%2Fdownload%2Fgraceful-fs-4.2.4.tgz",
          "optional": true
        },
        "image-size": {
          "version": "0.5.5",
          "resolved": "https://registry.npm.taobao.org/image-size/download/image-size-0.5.5.tgz",
          "optional": true
        },
        "make-dir": {
          "version": "2.1.0",
          "resolved": "https://registry.npm.taobao.org/make-dir/download/make-dir-2.1.0.tgz?cache=0&sync_timestamp=1587567407163&other_urls=https%3A%2F%2Fregistry.npm.taobao.org%2Fmake-dir%2Fdownload%2Fmake-dir-2.1.0.tgz",
          "optional": true,
          "requires": {
            "pify": "^4.0.1",
            "semver": "^5.6.0"
          },
          "dependencies": {
            "pify": {
              "version": "4.0.1",
              "resolved": "https://registry.npm.taobao.org/pify/download/pify-4.0.1.tgz",
              "optional": true
            },
            "semver": {
              "version": "5.7.1",
              "resolved": "https://registry.npm.taobao.org/semver/download/semver-5.7.1.tgz?cache=0&sync_timestamp=1586887209698&other_urls=https%3A%2F%2Fregistry.npm.taobao.org%2Fsemver%2Fdownload%2Fsemver-5.7.1.tgz",
              "optional": true
            }
          }
        },
        "mime": {
          "version": "1.6.0",
          "resolved": "https://registry.npm.taobao.org/mime/download/mime-1.6.0.tgz?cache=0&sync_timestamp=1590596728112&other_urls=https%3A%2F%2Fregistry.npm.taobao.org%2Fmime%2Fdownload%2Fmime-1.6.0.tgz",
          "optional": true
        },
        "native-request": {
          "version": "1.0.7",
          "resolved": "https://registry.npm.taobao.org/native-request/download/native-request-1.0.7.tgz?cache=0&sync_timestamp=1595000722504&other_urls=https%3A%2F%2Fregistry.npm.taobao.org%2Fnative-request%2Fdownload%2Fnative-request-1.0.7.tgz",
          "optional": true
        },
        "source-map": {
          "version": "0.6.1",
          "resolved": "https://registry.npm.taobao.org/source-map/download/source-map-0.6.1.tgz",
          "optional": true
        },
        "tslib": {
          "version": "1.13.0",
          "resolved": "https://registry.npm.taobao.org/tslib/download/tslib-1.13.0.tgz?cache=0&sync_timestamp=1596753696064&other_urls=https%3A%2F%2Fregistry.npm.taobao.org%2Ftslib%2Fdownload%2Ftslib-1.13.0.tgz"
        }
      }
    },
    "mime": {
      "version": "2.4.6",
      "resolved": "https://registry.npmjs.org/mime/-/mime-2.4.6.tgz",
      "integrity": "sha512-RZKhC3EmpBchfTGBVb8fb+RL2cWyw/32lshnsETttkBAyAUXSGHxbEJWWRXc751DrIxG1q04b8QwMbAwkRPpUA=="
    }
  }
}
